{
  "name": "platforms",
  "version": "1.0.0",
  "lockfileVersion": 3,
  "requires": true,
  "packages": {
    "": {
      "name": "platforms",
      "version": "1.0.0",
      "license": "ISC",
      "dependencies": {
        "@maxter9595/ajs": "^1.0.0"
      }
    },
    "node_modules/@maxter9595/ajs": {
      "version": "1.0.0",
      "resolved": "https://npm.pkg.github.com/download/@maxter9595/ajs/1.0.0/15857857896ba1f6951a00a09c24c9169e955cd7",
      "integrity": "sha512-YaCleU5+i4Lnj+q2N2G0eFx81j7IBFVdfvTsFrH+JlM7NNgG++cRTF1WRONtAO8N9APKr7avzt9GPMgGZQBuyA==",
      "license": "ISC"
    }
  }
}
